
Microsoft Visual Studio Solution File, Format Version 12.00
# Visual Studio Version 17
VisualStudioVersion = 17.7.34031.279
MinimumVisualStudioVersion = 10.0.40219.1
Project("{8BC9CEB8-8B4A-11D0-8D11-00A0C91BC942}") = "libcamcore", "libcamcore\libcamcore.vcxproj", "{03694666-933C-4F3A-AC8C-5B3122E21CBD}"
EndProject
Project("{8BC9CEB8-8B4A-11D0-8D11-00A0C91BC942}") = "libcamplatform", "libcamplatform\libcamplatform.vcxproj", "{089A81F8-378B-491D-8250-F4531E40DCED}"
EndProject
Project("{8BC9CEB8-8B4A-11D0-8D11-00A0C91BC942}") = "usertest", "usertest\usertest.vcxproj", "{BAA22242-EBE5-42F2-AEC9-8243EA26EBC9}"
EndProject
Global
	GlobalSection(SolutionConfigurationPlatforms) = preSolution
		Debug|x64 = Debug|x64
		Debug|x86 = Debug|x86
		Release|x64 = Release|x64
		Release|x86 = Release|x86
	EndGlobalSection
	GlobalSection(ProjectConfigurationPlatforms) = postSolution
		{03694666-933C-4F3A-AC8C-5B3122E21CBD}.Debug|x64.ActiveCfg = Debug|x64
		{03694666-933C-4F3A-AC8C-5B3122E21CBD}.Debug|x64.Build.0 = Debug|x64
		{03694666-933C-4F3A-AC8C-5B3122E21CBD}.Debug|x86.ActiveCfg = Debug|Win32
		{03694666-933C-4F3A-AC8C-5B3122E21CBD}.Debug|x86.Build.0 = Debug|Win32
		{03694666-933C-4F3A-AC8C-5B3122E21CBD}.Release|x64.ActiveCfg = Release|x64
		{03694666-933C-4F3A-AC8C-5B3122E21CBD}.Release|x64.Build.0 = Release|x64
		{03694666-933C-4F3A-AC8C-5B3122E21CBD}.Release|x86.ActiveCfg = Release|Win32
		{03694666-933C-4F3A-AC8C-5B3122E21CBD}.Release|x86.Build.0 = Release|Win32
		{089A81F8-378B-491D-8250-F4531E40DCED}.Debug|x64.ActiveCfg = Debug|x64
		{089A81F8-378B-491D-8250-F4531E40DCED}.Debug|x64.Build.0 = Debug|x64
		{089A81F8-378B-491D-8250-F4531E40DCED}.Debug|x86.ActiveCfg = Debug|Win32
		{089A81F8-378B-491D-8250-F4531E40DCED}.Debug|x86.Build.0 = Debug|Win32
		{089A81F8-378B-491D-8250-F4531E40DCED}.Release|x64.ActiveCfg = Release|x64
		{089A81F8-378B-491D-8250-F4531E40DCED}.Release|x64.Build.0 = Release|x64
		{089A81F8-378B-491D-8250-F4531E40DCED}.Release|x86.ActiveCfg = Release|Win32
		{089A81F8-378B-491D-8250-F4531E40DCED}.Release|x86.Build.0 = Release|Win32
		{BAA22242-EBE5-42F2-AEC9-8243EA26EBC9}.Debug|x64.ActiveCfg = Debug|x64
		{BAA22242-EBE5-42F2-AEC9-8243EA26EBC9}.Debug|x64.Build.0 = Debug|x64
		{BAA22242-EBE5-42F2-AEC9-8243EA26EBC9}.Debug|x86.ActiveCfg = Debug|Win32
		{BAA22242-EBE5-42F2-AEC9-8243EA26EBC9}.Debug|x86.Build.0 = Debug|Win32
		{BAA22242-EBE5-42F2-AEC9-8243EA26EBC9}.Release|x64.ActiveCfg = Release|x64
		{BAA22242-EBE5-42F2-AEC9-8243EA26EBC9}.Release|x64.Build.0 = Release|x64
		{BAA22242-EBE5-42F2-AEC9-8243EA26EBC9}.Release|x86.ActiveCfg = Release|Win32
		{BAA22242-EBE5-42F2-AEC9-8243EA26EBC9}.Release|x86.Build.0 = Release|Win32
	EndGlobalSection
	GlobalSection(SolutionProperties) = preSolution
		HideSolutionNode = FALSE
	EndGlobalSection
	GlobalSection(ExtensibilityGlobals) = postSolution
		SolutionGuid = {99FC7351-6B15-44CA-A614-AAAB9D763EF7}
	EndGlobalSection
EndGlobal
